
Microsoft Visual Studio Solution File, Format Version 12.00
# Visual Studio Version 16
VisualStudioVersion = 25.0.1705.2
MinimumVisualStudioVersion = 10.0.40219.1
Project("{FAE04EC0-301F-11D3-BF4B-00C04F79EFBC}") = "Variables", "Variables\Variables.csproj", "{4C24BEF4-671D-49D7-9E87-9744D931D9C2}"
EndProject
Global
	GlobalSection(SolutionConfigurationPlatforms) = preSolution
		Debug|Any CPU = Debug|Any CPU
		Release|Any CPU = Release|Any CPU
	EndGlobalSection
	GlobalSection(ProjectConfigurationPlatforms) = postSolution
		{4C24BEF4-671D-49D7-9E87-9744D931D9C2}.Debug|Any CPU.ActiveCfg = Debug|Any CPU
		{4C24BEF4-671D-49D7-9E87-9744D931D9C2}.Debug|Any CPU.Build.0 = Debug|Any CPU
		{4C24BEF4-671D-49D7-9E87-9744D931D9C2}.Release|Any CPU.ActiveCfg = Release|Any CPU
		{4C24BEF4-671D-49D7-9E87-9744D931D9C2}.Release|Any CPU.Build.0 = Release|Any CPU
	EndGlobalSection
	GlobalSection(SolutionProperties) = preSolution
		HideSolutionNode = FALSE
	EndGlobalSection
	GlobalSection(ExtensibilityGlobals) = postSolution
		SolutionGuid = {FCE481A8-A2D5-4D43-913D-66A587EA8E13}
	EndGlobalSection
EndGlobal
