
Microsoft Visual Studio Solution File, Format Version 12.00
# Visual Studio Version 16
VisualStudioVersion = 25.0.1705.2
MinimumVisualStudioVersion = 10.0.40219.1
Project("{FAE04EC0-301F-11D3-BF4B-00C04F79EFBC}") = "Conversions", "Conversions\Conversions.csproj", "{79E55ABB-96A8-4013-AF68-D86E7131C2B7}"
EndProject
Global
	GlobalSection(SolutionConfigurationPlatforms) = preSolution
		Debug|Any CPU = Debug|Any CPU
		Release|Any CPU = Release|Any CPU
	EndGlobalSection
	GlobalSection(ProjectConfigurationPlatforms) = postSolution
		{79E55ABB-96A8-4013-AF68-D86E7131C2B7}.Debug|Any CPU.ActiveCfg = Debug|Any CPU
		{79E55ABB-96A8-4013-AF68-D86E7131C2B7}.Debug|Any CPU.Build.0 = Debug|Any CPU
		{79E55ABB-96A8-4013-AF68-D86E7131C2B7}.Release|Any CPU.ActiveCfg = Release|Any CPU
		{79E55ABB-96A8-4013-AF68-D86E7131C2B7}.Release|Any CPU.Build.0 = Release|Any CPU
	EndGlobalSection
	GlobalSection(SolutionProperties) = preSolution
		HideSolutionNode = FALSE
	EndGlobalSection
	GlobalSection(ExtensibilityGlobals) = postSolution
		SolutionGuid = {58C7A368-BD8B-4BDF-B170-0F29305CBD4A}
	EndGlobalSection
EndGlobal
